// !$*UTF8*$!
{
	archiveVersion = 1;
	classes = {
	};
	objectVersion = 46;
	objects = {

/* Begin PBXBuildFile section */
		1DDD58160DA1D0A300B32029 /* MainMenu.xib in Resources */ = {isa = PBXBuildFile; fileRef = 1DDD58140DA1D0A300B32029 /* MainMenu.xib */; };
		256AC3DA0F4B6AC300CF3369 /* NXTBrowserAppDelegate.m in Sources */ = {isa = PBXBuildFile; fileRef = 256AC3D90F4B6AC300CF3369 /* NXTBrowserAppDelegate.m */; };
		8D11072D0486CEB800E47090 /* main.m in Sources */ = {isa = PBXBuildFile; fileRef = 29B97316FDCFA39411CA2CEA /* main.m */; settings = {ATTRIBUTES = (); }; };
		8D11072F0486CEB800E47090 /* Cocoa.framework in Frameworks */ = {isa = PBXBuildFile; fileRef = 1058C7A1FEA54F0111CA2CBB /* Cocoa.framework */; };
		C928169A1260ABA000DA6779 /* UploadController.m in Sources */ = {isa = PBXBuildFile; fileRef = C92816991260ABA000DA6779 /* UploadController.m */; };
		C9619222157C0BD100714DB5 /* NXTKit.framework in Copy Frameworks */ = {isa = PBXBuildFile; fileRef = C961921E157C0BB600714DB5 /* NXTKit.framework */; };
		C9619223157C0BD800714DB5 /* NXTKit.framework in Frameworks */ = {isa = PBXBuildFile; fileRef = C961921E157C0BB600714DB5 /* NXTKit.framework */; };
		C979B4E1124CDD2B00F93457 /* IOBluetoothUI.framework in Frameworks */ = {isa = PBXBuildFile; fileRef = C979B4E0124CDD2B00F93457 /* IOBluetoothUI.framework */; };
		C9A4EA9E1257943A00F774AA /* DownloadController.m in Sources */ = {isa = PBXBuildFile; fileRef = C9A4EA9D1257943A00F774AA /* DownloadController.m */; };
		C9C123CA124C3EAF004A9265 /* BrowserWindow.xib in Resources */ = {isa = PBXBuildFile; fileRef = C9C123C9124C3EAF004A9265 /* BrowserWindow.xib */; };
		C9C123D1124C401A004A9265 /* BrowserWindowController.m in Sources */ = {isa = PBXBuildFile; fileRef = C9C123D0124C401A004A9265 /* BrowserWindowController.m */; };
		C9E7A031124D5DB5003DAB85 /* DeleteTableView.m in Sources */ = {isa = PBXBuildFile; fileRef = C9E7A030124D5DB5003DAB85 /* DeleteTableView.m */; };
		C9EED818125692FD0035519C /* ProgressWindow.xib in Resources */ = {isa = PBXBuildFile; fileRef = C9EED817125692FD0035519C /* ProgressWindow.xib */; };
		C9EED81C125693DF0035519C /* ProgressWindowController.m in Sources */ = {isa = PBXBuildFile; fileRef = C9EED81B125693DF0035519C /* ProgressWindowController.m */; };
/* End PBXBuildFile section */

/* Begin PBXContainerItemProxy section */
		C961921D157C0BB600714DB5 /* PBXContainerItemProxy */ = {
			isa = PBXContainerItemProxy;
			containerPortal = C9619216157C0BB600714DB5 /* NXTKit.xcodeproj */;
			proxyType = 2;
			remoteGlobalIDString = 8DC2EF5B0486A6940098B216;
			remoteInfo = NXTKit;
		};
		C9619220157C0BC300714DB5 /* PBXContainerItemProxy */ = {
			isa = PBXContainerItemProxy;
			containerPortal = C9619216157C0BB600714DB5 /* NXTKit.xcodeproj */;
			proxyType = 1;
			remoteGlobalIDString = 8DC2EF4F0486A6940098B216;
			remoteInfo = NXTKit;
		};
/* End PBXContainerItemProxy section */

/* Begin PBXCopyFilesBuildPhase section */
		C979B548124CE1AD00F93457 /* Copy Frameworks */ = {
			isa = PBXCopyFilesBuildPhase;
			buildActionMask = 2147483647;
			dstPath = "";
			dstSubfolderSpec = 10;
			files = (
				C9619222157C0BD100714DB5 /* NXTKit.framework in Copy Frameworks */,
			);
			name = "Copy Frameworks";
			runOnlyForDeploymentPostprocessing = 0;
		};
/* End PBXCopyFilesBuildPhase section */

/* Begin PBXFileReference section */
		1058C7A1FEA54F0111CA2CBB /* Cocoa.framework */ = {isa = PBXFileReference; lastKnownFileType = wrapper.framework; name = Cocoa.framework; path = /System/Library/Frameworks/Cocoa.framework; sourceTree = "<absolute>"; };
		13E42FB307B3F0F600E4EEF1 /* CoreData.framework */ = {isa = PBXFileReference; lastKnownFileType = wrapper.framework; name = CoreData.framework; path = /System/Library/Frameworks/CoreData.framework; sourceTree = "<absolute>"; };
		1DDD58150DA1D0A300B32029 /* English */ = {isa = PBXFileReference; lastKnownFileType = file.xib; name = English; path = English.lproj/MainMenu.xib; sourceTree = "<group>"; };
		256AC3D80F4B6AC300CF3369 /* NXTBrowserAppDelegate.h */ = {isa = PBXFileReference; fileEncoding = 4; lastKnownFileType = sourcecode.c.h; path = NXTBrowserAppDelegate.h; sourceTree = "<group>"; };
		256AC3D90F4B6AC300CF3369 /* NXTBrowserAppDelegate.m */ = {isa = PBXFileReference; fileEncoding = 4; lastKnownFileType = sourcecode.c.objc; path = NXTBrowserAppDelegate.m; sourceTree = "<group>"; };
		256AC3F00F4B6AF500CF3369 /* NXT_Browser_Prefix.pch */ = {isa = PBXFileReference; fileEncoding = 4; lastKnownFileType = sourcecode.c.h; path = NXT_Browser_Prefix.pch; sourceTree = "<group>"; };
		29B97316FDCFA39411CA2CEA /* main.m */ = {isa = PBXFileReference; fileEncoding = 4; lastKnownFileType = sourcecode.c.objc; path = main.m; sourceTree = "<group>"; };
		29B97324FDCFA39411CA2CEA /* AppKit.framework */ = {isa = PBXFileReference; lastKnownFileType = wrapper.framework; name = AppKit.framework; path = /System/Library/Frameworks/AppKit.framework; sourceTree = "<absolute>"; };
		29B97325FDCFA39411CA2CEA /* Foundation.framework */ = {isa = PBXFileReference; lastKnownFileType = wrapper.framework; name = Foundation.framework; path = /System/Library/Frameworks/Foundation.framework; sourceTree = "<absolute>"; };
		8D1107310486CEB800E47090 /* NXTBrowser-Info.plist */ = {isa = PBXFileReference; fileEncoding = 4; lastKnownFileType = text.plist.xml; path = "NXTBrowser-Info.plist"; sourceTree = "<group>"; };
		8D1107320486CEB800E47090 /* NXT Browser.app */ = {isa = PBXFileReference; explicitFileType = wrapper.application; includeInIndex = 0; path = "NXT Browser.app"; sourceTree = BUILT_PRODUCTS_DIR; };
		C92816981260ABA000DA6779 /* UploadController.h */ = {isa = PBXFileReference; fileEncoding = 4; lastKnownFileType = sourcecode.c.h; path = UploadController.h; sourceTree = "<group>"; };
		C92816991260ABA000DA6779 /* UploadController.m */ = {isa = PBXFileReference; fileEncoding = 4; lastKnownFileType = sourcecode.c.objc; path = UploadController.m; sourceTree = "<group>"; };
		C9619216157C0BB600714DB5 /* NXTKit.xcodeproj */ = {isa = PBXFileReference; lastKnownFileType = "wrapper.pb-project"; name = NXTKit.xcodeproj; path = NXTKit/NXTKit.xcodeproj; sourceTree = "<group>"; };
		C979B4E0124CDD2B00F93457 /* IOBluetoothUI.framework */ = {isa = PBXFileReference; lastKnownFileType = wrapper.framework; name = IOBluetoothUI.framework; path = System/Library/Frameworks/IOBluetoothUI.framework; sourceTree = SDKROOT; };
		C9A4EA9C1257943A00F774AA /* DownloadController.h */ = {isa = PBXFileReference; fileEncoding = 4; lastKnownFileType = sourcecode.c.h; path = DownloadController.h; sourceTree = "<group>"; };
		C9A4EA9D1257943A00F774AA /* DownloadController.m */ = {isa = PBXFileReference; fileEncoding = 4; lastKnownFileType = sourcecode.c.objc; path = DownloadController.m; sourceTree = "<group>"; };
		C9C123C7124C3EAC004A9265 /* English */ = {isa = PBXFileReference; lastKnownFileType = file.xib; name = English; path = English.lproj/BrowserWindow.xib; sourceTree = "<group>"; };
		C9C123CF124C401A004A9265 /* BrowserWindowController.h */ = {isa = PBXFileReference; fileEncoding = 4; lastKnownFileType = sourcecode.c.h; path = BrowserWindowController.h; sourceTree = "<group>"; };
		C9C123D0124C401A004A9265 /* BrowserWindowController.m */ = {isa = PBXFileReference; fileEncoding = 4; lastKnownFileType = sourcecode.c.objc; path = BrowserWindowController.m; sourceTree = "<group>"; };
		C9E7A02F124D5DB5003DAB85 /* DeleteTableView.h */ = {isa = PBXFileReference; fileEncoding = 4; lastKnownFileType = sourcecode.c.h; path = DeleteTableView.h; sourceTree = "<group>"; };
		C9E7A030124D5DB5003DAB85 /* DeleteTableView.m */ = {isa = PBXFileReference; fileEncoding = 4; lastKnownFileType = sourcecode.c.objc; path = DeleteTableView.m; sourceTree = "<group>"; };
		C9EED815125692FA0035519C /* English */ = {isa = PBXFileReference; lastKnownFileType = file.xib; name = English; path = English.lproj/ProgressWindow.xib; sourceTree = "<group>"; };
		C9EED81A125693DF0035519C /* ProgressWindowController.h */ = {isa = PBXFileReference; fileEncoding = 4; lastKnownFileType = sourcecode.c.h; path = ProgressWindowController.h; sourceTree = "<group>"; };
		C9EED81B125693DF0035519C /* ProgressWindowController.m */ = {isa = PBXFileReference; fileEncoding = 4; lastKnownFileType = sourcecode.c.objc; path = ProgressWindowController.m; sourceTree = "<group>"; };
/* End PBXFileReference section */

/* Begin PBXFrameworksBuildPhase section */
		8D11072E0486CEB800E47090 /* Frameworks */ = {
			isa = PBXFrameworksBuildPhase;
			buildActionMask = 2147483647;
			files = (
				8D11072F0486CEB800E47090 /* Cocoa.framework in Frameworks */,
				C979B4E1124CDD2B00F93457 /* IOBluetoothUI.framework in Frameworks */,
				C9619223157C0BD800714DB5 /* NXTKit.framework in Frameworks */,
			);
			runOnlyForDeploymentPostprocessing = 0;
		};
/* End PBXFrameworksBuildPhase section */

/* Begin PBXGroup section */
		080E96DDFE201D6D7F000001 /* Classes */ = {
			isa = PBXGroup;
			children = (
				C9E7A02F124D5DB5003DAB85 /* DeleteTableView.h */,
				C9E7A030124D5DB5003DAB85 /* DeleteTableView.m */,
				C9A4EA9C1257943A00F774AA /* DownloadController.h */,
				C9A4EA9D1257943A00F774AA /* DownloadController.m */,
				C9C123CF124C401A004A9265 /* BrowserWindowController.h */,
				C9C123D0124C401A004A9265 /* BrowserWindowController.m */,
				256AC3D80F4B6AC300CF3369 /* NXTBrowserAppDelegate.h */,
				256AC3D90F4B6AC300CF3369 /* NXTBrowserAppDelegate.m */,
				C9EED81A125693DF0035519C /* ProgressWindowController.h */,
				C9EED81B125693DF0035519C /* ProgressWindowController.m */,
				C92816981260ABA000DA6779 /* UploadController.h */,
				C92816991260ABA000DA6779 /* UploadController.m */,
			);
			path = Classes;
			sourceTree = "<group>";
		};
		1058C7A0FEA54F0111CA2CBB /* Linked Frameworks */ = {
			isa = PBXGroup;
			children = (
				1058C7A1FEA54F0111CA2CBB /* Cocoa.framework */,
				C979B4E0124CDD2B00F93457 /* IOBluetoothUI.framework */,
			);
			name = "Linked Frameworks";
			sourceTree = "<group>";
		};
		1058C7A2FEA54F0111CA2CBB /* Other Frameworks */ = {
			isa = PBXGroup;
			children = (
				29B97324FDCFA39411CA2CEA /* AppKit.framework */,
				13E42FB307B3F0F600E4EEF1 /* CoreData.framework */,
				29B97325FDCFA39411CA2CEA /* Foundation.framework */,
			);
			name = "Other Frameworks";
			sourceTree = "<group>";
		};
		19C28FACFE9D520D11CA2CBB /* Products */ = {
			isa = PBXGroup;
			children = (
				8D1107320486CEB800E47090 /* NXT Browser.app */,
			);
			name = Products;
			sourceTree = "<group>";
		};
		29B97314FDCFA39411CA2CEA /* NXT Browser */ = {
			isa = PBXGroup;
			children = (
				C9619216157C0BB600714DB5 /* NXTKit.xcodeproj */,
				080E96DDFE201D6D7F000001 /* Classes */,
				29B97315FDCFA39411CA2CEA /* Other Sources */,
				29B97317FDCFA39411CA2CEA /* Resources */,
				29B97323FDCFA39411CA2CEA /* Frameworks */,
				19C28FACFE9D520D11CA2CBB /* Products */,
			);
			name = "NXT Browser";
			sourceTree = "<group>";
		};
		29B97315FDCFA39411CA2CEA /* Other Sources */ = {
			isa = PBXGroup;
			children = (
				29B97316FDCFA39411CA2CEA /* main.m */,
				256AC3F00F4B6AF500CF3369 /* NXT_Browser_Prefix.pch */,
			);
			name = "Other Sources";
			sourceTree = "<group>";
		};
		29B97317FDCFA39411CA2CEA /* Resources */ = {
			isa = PBXGroup;
			children = (
				C9C123C9124C3EAF004A9265 /* BrowserWindow.xib */,
				1DDD58140DA1D0A300B32029 /* MainMenu.xib */,
				8D1107310486CEB800E47090 /* NXTBrowser-Info.plist */,
				C9EED817125692FD0035519C /* ProgressWindow.xib */,
			);
			name = Resources;
			sourceTree = "<group>";
		};
		29B97323FDCFA39411CA2CEA /* Frameworks */ = {
			isa = PBXGroup;
			children = (
				1058C7A0FEA54F0111CA2CBB /* Linked Frameworks */,
				1058C7A2FEA54F0111CA2CBB /* Other Frameworks */,
			);
			name = Frameworks;
			sourceTree = "<group>";
		};
		C9619217157C0BB600714DB5 /* Products */ = {
			isa = PBXGroup;
			children = (
				C961921E157C0BB600714DB5 /* NXTKit.framework */,
			);
			name = Products;
			sourceTree = "<group>";
		};
/* End PBXGroup section */

/* Begin PBXNativeTarget section */
		8D1107260486CEB800E47090 /* NXT Browser */ = {
			isa = PBXNativeTarget;
			buildConfigurationList = C01FCF4A08A954540054247B /* Build configuration list for PBXNativeTarget "NXT Browser" */;
			buildPhases = (
				8D1107290486CEB800E47090 /* Resources */,
				8D11072C0486CEB800E47090 /* Sources */,
				8D11072E0486CEB800E47090 /* Frameworks */,
				C979B548124CE1AD00F93457 /* Copy Frameworks */,
			);
			buildRules = (
			);
			dependencies = (
				C9619221157C0BC300714DB5 /* PBXTargetDependency */,
			);
			name = "NXT Browser";
			productInstallPath = "$(HOME)/Applications";
			productName = "NXT Browser";
			productReference = 8D1107320486CEB800E47090 /* NXT Browser.app */;
			productType = "com.apple.product-type.application";
		};
/* End PBXNativeTarget section */

/* Begin PBXProject section */
		29B97313FDCFA39411CA2CEA /* Project object */ = {
			isa = PBXProject;
			attributes = {
				LastUpgradeCheck = 0450;
			};
			buildConfigurationList = C01FCF4E08A954540054247B /* Build configuration list for PBXProject "NXT Browser" */;
			compatibilityVersion = "Xcode 3.2";
			developmentRegion = English;
			hasScannedForEncodings = 1;
			knownRegions = (
				English,
				Japanese,
				French,
				German,
			);
			mainGroup = 29B97314FDCFA39411CA2CEA /* NXT Browser */;
			projectDirPath = "";
			projectReferences = (
				{
					ProductGroup = C9619217157C0BB600714DB5 /* Products */;
					ProjectRef = C9619216157C0BB600714DB5 /* NXTKit.xcodeproj */;
				},
			);
			projectRoot = "";
			targets = (
				8D1107260486CEB800E47090 /* NXT Browser */,
			);
		};
/* End PBXProject section */

/* Begin PBXReferenceProxy section */
		C961921E157C0BB600714DB5 /* NXTKit.framework */ = {
			isa = PBXReferenceProxy;
			fileType = wrapper.framework;
			path = NXTKit.framework;
			remoteRef = C961921D157C0BB600714DB5 /* PBXContainerItemProxy */;
			sourceTree = BUILT_PRODUCTS_DIR;
		};
/* End PBXReferenceProxy section */

/* Begin PBXResourcesBuildPhase section */
		8D1107290486CEB800E47090 /* Resources */ = {
			isa = PBXResourcesBuildPhase;
			buildActionMask = 2147483647;
			files = (
				1DDD58160DA1D0A300B32029 /* MainMenu.xib in Resources */,
				C9C123CA124C3EAF004A9265 /* BrowserWindow.xib in Resources */,
				C9EED818125692FD0035519C /* ProgressWindow.xib in Resources */,
			);
			runOnlyForDeploymentPostprocessing = 0;
		};
/* End PBXResourcesBuildPhase section */

/* Begin PBXSourcesBuildPhase section */
		8D11072C0486CEB800E47090 /* Sources */ = {
			isa = PBXSourcesBuildPhase;
			buildActionMask = 2147483647;
			files = (
				8D11072D0486CEB800E47090 /* main.m in Sources */,
				256AC3DA0F4B6AC300CF3369 /* NXTBrowserAppDelegate.m in Sources */,
				C9C123D1124C401A004A9265 /* BrowserWindowController.m in Sources */,
				C9E7A031124D5DB5003DAB85 /* DeleteTableView.m in Sources */,
				C9EED81C125693DF0035519C /* ProgressWindowController.m in Sources */,
				C9A4EA9E1257943A00F774AA /* DownloadController.m in Sources */,
				C928169A1260ABA000DA6779 /* UploadController.m in Sources */,
			);
			runOnlyForDeploymentPostprocessing = 0;
		};
/* End PBXSourcesBuildPhase section */

/* Begin PBXTargetDependency section */
		C9619221157C0BC300714DB5 /* PBXTargetDependency */ = {
			isa = PBXTargetDependency;
			name = NXTKit;
			targetProxy = C9619220157C0BC300714DB5 /* PBXContainerItemProxy */;
		};
/* End PBXTargetDependency section */

/* Begin PBXVariantGroup section */
		1DDD58140DA1D0A300B32029 /* MainMenu.xib */ = {
			isa = PBXVariantGroup;
			children = (
				1DDD58150DA1D0A300B32029 /* English */,
			);
			name = MainMenu.xib;
			sourceTree = "<group>";
		};
		C9C123C9124C3EAF004A9265 /* BrowserWindow.xib */ = {
			isa = PBXVariantGroup;
			children = (
				C9C123C7124C3EAC004A9265 /* English */,
			);
			name = BrowserWindow.xib;
			sourceTree = "<group>";
		};
		C9EED817125692FD0035519C /* ProgressWindow.xib */ = {
			isa = PBXVariantGroup;
			children = (
				C9EED815125692FA0035519C /* English */,
			);
			name = ProgressWindow.xib;
			sourceTree = "<group>";
		};
/* End PBXVariantGroup section */

/* Begin XCBuildConfiguration section */
		C01FCF4B08A954540054247B /* Debug */ = {
			isa = XCBuildConfiguration;
			buildSettings = {
				ALWAYS_SEARCH_USER_PATHS = NO;
				COMBINE_HIDPI_IMAGES = YES;
				COPY_PHASE_STRIP = NO;
				FRAMEWORK_SEARCH_PATHS = (
					"$(inherited)",
					"\"$(SRCROOT)\"",
				);
				GCC_DYNAMIC_NO_PIC = NO;
				GCC_MODEL_TUNING = G5;
				GCC_OPTIMIZATION_LEVEL = 0;
				GCC_PRECOMPILE_PREFIX_HEADER = YES;
				GCC_PREFIX_HEADER = NXT_Browser_Prefix.pch;
				INFOPLIST_FILE = "NXTBrowser-Info.plist";
				INSTALL_PATH = "$(HOME)/Applications";
				PRODUCT_NAME = "NXT Browser";
			};
			name = Debug;
		};
		C01FCF4C08A954540054247B /* Release */ = {
			isa = XCBuildConfiguration;
			buildSettings = {
				ALWAYS_SEARCH_USER_PATHS = NO;
				COMBINE_HIDPI_IMAGES = YES;
				DEBUG_INFORMATION_FORMAT = "dwarf-with-dsym";
				FRAMEWORK_SEARCH_PATHS = (
					"$(inherited)",
					"\"$(SRCROOT)/../../Projects/NXTKit/build/Debug\"",
					"\"$(SRCROOT)/../../Projects/DeviceKit/build/Debug\"",
					"\"$(SRCROOT)\"",
				);
				GCC_MODEL_TUNING = G5;
				GCC_PRECOMPILE_PREFIX_HEADER = YES;
				GCC_PREFIX_HEADER = NXT_Browser_Prefix.pch;
				INFOPLIST_FILE = "NXTBrowser-Info.plist";
				INSTALL_PATH = "$(HOME)/Applications";
				PRODUCT_NAME = "NXT Browser";
			};
			name = Release;
		};
		C01FCF4F08A954540054247B /* Debug */ = {
			isa = XCBuildConfiguration;
			buildSettings = {
				ARCHS = "$(ARCHS_STANDARD_32_64_BIT)";
				GCC_C_LANGUAGE_STANDARD = gnu99;
				GCC_ENABLE_OBJC_GC = required;
				GCC_OPTIMIZATION_LEVEL = 0;
				GCC_VERSION = com.apple.compilers.llvm.clang.1_0;
				GCC_WARN_ABOUT_RETURN_TYPE = YES;
				GCC_WARN_UNUSED_VARIABLE = YES;
				ONLY_ACTIVE_ARCH = YES;
				SDKROOT = macosx;
			};
			name = Debug;
		};
		C01FCF5008A954540054247B /* Release */ = {
			isa = XCBuildConfiguration;
			buildSettings = {
				ARCHS = "$(ARCHS_STANDARD_32_64_BIT)";
				GCC_C_LANGUAGE_STANDARD = gnu99;
				GCC_ENABLE_OBJC_GC = required;
				GCC_VERSION = com.apple.compilers.llvm.clang.1_0;
				GCC_WARN_ABOUT_RETURN_TYPE = YES;
				GCC_WARN_UNUSED_VARIABLE = YES;
				SDKROOT = macosx;
			};
			name = Release;
		};
/* End XCBuildConfiguration section */

/* Begin XCConfigurationList section */
		C01FCF4A08A954540054247B /* Build configuration list for PBXNativeTarget "NXT Browser" */ = {
			isa = XCConfigurationList;
			buildConfigurations = (
				C01FCF4B08A954540054247B /* Debug */,
				C01FCF4C08A954540054247B /* Release */,
			);
			defaultConfigurationIsVisible = 0;
			defaultConfigurationName = Release;
		};
		C01FCF4E08A954540054247B /* Build configuration list for PBXProject "NXT Browser" */ = {
			isa = XCConfigurationList;
			buildConfigurations = (
				C01FCF4F08A954540054247B /* Debug */,
				C01FCF5008A954540054247B /* Release */,
			);
			defaultConfigurationIsVisible = 0;
			defaultConfigurationName = Release;
		};
/* End XCConfigurationList section */
	};
	rootObject = 29B97313FDCFA39411CA2CEA /* Project object */;
}
